
Microsoft Visual Studio Solution File, Format Version 12.00
# Visual Studio 15
Project("{FAE04EC0-301F-11D3-BF4B-00C04F79EFBC}") = "Assembly-CSharp", "Assembly-CSharp.csproj", "{00AAA51F-0775-898D-8D75-2FEB95B36776}"
EndProject
Project("{FAE04EC0-301F-11D3-BF4B-00C04F79EFBC}") = "Assembly-CSharp-Editor", "Assembly-CSharp-Editor.csproj", "{6FD32462-37C5-865F-320D-1A67D14FD826}"
EndProject
Global
	GlobalSection(SolutionConfigurationPlatforms) = preSolution
		Debug|Any CPU = Debug|Any CPU
		Release|Any CPU = Release|Any CPU
	EndGlobalSection
	GlobalSection(ProjectConfigurationPlatforms) = postSolution
		{00AAA51F-0775-898D-8D75-2FEB95B36776}.Debug|Any CPU.ActiveCfg = Debug|Any CPU
		{00AAA51F-0775-898D-8D75-2FEB95B36776}.Debug|Any CPU.Build.0 = Debug|Any CPU
		{00AAA51F-0775-898D-8D75-2FEB95B36776}.Release|Any CPU.ActiveCfg = Release|Any CPU
		{00AAA51F-0775-898D-8D75-2FEB95B36776}.Release|Any CPU.Build.0 = Release|Any CPU
		{6FD32462-37C5-865F-320D-1A67D14FD826}.Debug|Any CPU.ActiveCfg = Debug|Any CPU
		{6FD32462-37C5-865F-320D-1A67D14FD826}.Debug|Any CPU.Build.0 = Debug|Any CPU
		{6FD32462-37C5-865F-320D-1A67D14FD826}.Release|Any CPU.ActiveCfg = Release|Any CPU
		{6FD32462-37C5-865F-320D-1A67D14FD826}.Release|Any CPU.Build.0 = Release|Any CPU
	EndGlobalSection
	GlobalSection(SolutionProperties) = preSolution
		HideSolutionNode = FALSE
	EndGlobalSection
	GlobalSection(MonoDevelopProperties) = preSolution
		StartupItem = Assembly-CSharp.csproj
	EndGlobalSection
EndGlobal
